
Microsoft Visual Studio Solution File, Format Version 12.00
# Visual Studio Version 17
VisualStudioVersion = 17.9.34723.18
MinimumVisualStudioVersion = 10.0.40219.1
Project("{FAE04EC0-301F-11D3-BF4B-00C04F79EFBC}") = "BlazorUI", "BlazorUI\BlazorUI.csproj", "{86779319-B1FB-4FCA-BDC7-6E87A0F6A490}"
EndProject
Project("{FAE04EC0-301F-11D3-BF4B-00C04F79EFBC}") = "DemoLibrary", "DemoLibrary\DemoLibrary.csproj", "{396EDA8D-98A8-4DB9-A79E-D776C99C9AF9}"
EndProject
Global
	GlobalSection(SolutionConfigurationPlatforms) = preSolution
		Debug|Any CPU = Debug|Any CPU
		Release|Any CPU = Release|Any CPU
	EndGlobalSection
	GlobalSection(ProjectConfigurationPlatforms) = postSolution
		{86779319-B1FB-4FCA-BDC7-6E87A0F6A490}.Debug|Any CPU.ActiveCfg = Debug|Any CPU
		{86779319-B1FB-4FCA-BDC7-6E87A0F6A490}.Debug|Any CPU.Build.0 = Debug|Any CPU
		{86779319-B1FB-4FCA-BDC7-6E87A0F6A490}.Release|Any CPU.ActiveCfg = Release|Any CPU
		{86779319-B1FB-4FCA-BDC7-6E87A0F6A490}.Release|Any CPU.Build.0 = Release|Any CPU
		{396EDA8D-98A8-4DB9-A79E-D776C99C9AF9}.Debug|Any CPU.ActiveCfg = Debug|Any CPU
		{396EDA8D-98A8-4DB9-A79E-D776C99C9AF9}.Debug|Any CPU.Build.0 = Debug|Any CPU
		{396EDA8D-98A8-4DB9-A79E-D776C99C9AF9}.Release|Any CPU.ActiveCfg = Release|Any CPU
		{396EDA8D-98A8-4DB9-A79E-D776C99C9AF9}.Release|Any CPU.Build.0 = Release|Any CPU
	EndGlobalSection
	GlobalSection(SolutionProperties) = preSolution
		HideSolutionNode = FALSE
	EndGlobalSection
	GlobalSection(ExtensibilityGlobals) = postSolution
		SolutionGuid = {DF2C14D2-44B0-470C-B043-BEDE0A6E950B}
	EndGlobalSection
EndGlobal
